
Microsoft Visual Studio Solution File, Format Version 12.00
# Visual Studio Version 17
VisualStudioVersion = 17.0.31903.59
MinimumVisualStudioVersion = 10.0.40219.1
Project("{FAE04EC0-301F-11D3-BF4B-00C04F79EFBC}") = "SixDegrees.PruebaSD.Entidades", "SixDegrees.PruebaSD.Entidades\SixDegrees.PruebaSD.Entidades.csproj", "{A7EEBF31-23B6-48A2-9BCE-983045AC586C}"
EndProject
Project("{FAE04EC0-301F-11D3-BF4B-00C04F79EFBC}") = "SixDegrees.PruebaSD.AccesoDatos", "SixDegrees.PruebaSD.AccesoDatos\SixDegrees.PruebaSD.AccesoDatos.csproj", "{127AB8B0-46FE-4A8D-9998-5838DB035DFA}"
EndProject
Project("{FAE04EC0-301F-11D3-BF4B-00C04F79EFBC}") = "SixDegrees.PruebaSD.Negocio", "SixDegrees.PruebaSD.Negocio\SixDegrees.PruebaSD.Negocio.csproj", "{A82405F5-9CFA-49C2-8D52-A026C3505214}"
EndProject
Project("{FAE04EC0-301F-11D3-BF4B-00C04F79EFBC}") = "SixDegrees.PruebaSD.WebApi", "SixDegrees.PruebaSD.WebApi\SixDegrees.PruebaSD.WebApi.csproj", "{4ECF2A26-CA9F-4934-9AA1-52035D886BD8}"
EndProject
Global
	GlobalSection(SolutionConfigurationPlatforms) = preSolution
		Debug|Any CPU = Debug|Any CPU
		Release|Any CPU = Release|Any CPU
	EndGlobalSection
	GlobalSection(SolutionProperties) = preSolution
		HideSolutionNode = FALSE
	EndGlobalSection
	GlobalSection(ProjectConfigurationPlatforms) = postSolution
		{A7EEBF31-23B6-48A2-9BCE-983045AC586C}.Debug|Any CPU.ActiveCfg = Debug|Any CPU
		{A7EEBF31-23B6-48A2-9BCE-983045AC586C}.Debug|Any CPU.Build.0 = Debug|Any CPU
		{A7EEBF31-23B6-48A2-9BCE-983045AC586C}.Release|Any CPU.ActiveCfg = Release|Any CPU
		{A7EEBF31-23B6-48A2-9BCE-983045AC586C}.Release|Any CPU.Build.0 = Release|Any CPU
		{127AB8B0-46FE-4A8D-9998-5838DB035DFA}.Debug|Any CPU.ActiveCfg = Debug|Any CPU
		{127AB8B0-46FE-4A8D-9998-5838DB035DFA}.Debug|Any CPU.Build.0 = Debug|Any CPU
		{127AB8B0-46FE-4A8D-9998-5838DB035DFA}.Release|Any CPU.ActiveCfg = Release|Any CPU
		{127AB8B0-46FE-4A8D-9998-5838DB035DFA}.Release|Any CPU.Build.0 = Release|Any CPU
		{A82405F5-9CFA-49C2-8D52-A026C3505214}.Debug|Any CPU.ActiveCfg = Debug|Any CPU
		{A82405F5-9CFA-49C2-8D52-A026C3505214}.Debug|Any CPU.Build.0 = Debug|Any CPU
		{A82405F5-9CFA-49C2-8D52-A026C3505214}.Release|Any CPU.ActiveCfg = Release|Any CPU
		{A82405F5-9CFA-49C2-8D52-A026C3505214}.Release|Any CPU.Build.0 = Release|Any CPU
		{4ECF2A26-CA9F-4934-9AA1-52035D886BD8}.Debug|Any CPU.ActiveCfg = Debug|Any CPU
		{4ECF2A26-CA9F-4934-9AA1-52035D886BD8}.Debug|Any CPU.Build.0 = Debug|Any CPU
		{4ECF2A26-CA9F-4934-9AA1-52035D886BD8}.Release|Any CPU.ActiveCfg = Release|Any CPU
		{4ECF2A26-CA9F-4934-9AA1-52035D886BD8}.Release|Any CPU.Build.0 = Release|Any CPU
	EndGlobalSection
EndGlobal
